
Microsoft Visual Studio Solution File, Format Version 12.00
# Visual Studio Version 16
VisualStudioVersion = 16.0.30225.117
MinimumVisualStudioVersion = 10.0.40219.1
Project("{FAE04EC0-301F-11D3-BF4B-00C04F79EFBC}") = "Rewards.API", "..\Rewards.API\Rewards.API.csproj", "{88831383-0245-4B32-A027-8026353F2CC1}"
EndProject
Project("{FAE04EC0-301F-11D3-BF4B-00C04F79EFBC}") = "Rewards.Core", "..\Rewards.Core\Rewards.Core.csproj", "{21C6F9F8-E5E1-41AF-8B71-3E2F27C716E1}"
EndProject
Project("{FAE04EC0-301F-11D3-BF4B-00C04F79EFBC}") = "Rewards.Infra", "..\Rewards.Infra\Rewards.Infra.csproj", "{FF339A6B-5DEA-44D2-B86E-A810C2B9011A}"
EndProject
Project("{FAE04EC0-301F-11D3-BF4B-00C04F79EFBC}") = "Rewards.Service", "..\Rewards.Service\Rewards.Service.csproj", "{DD248BE9-B0CE-4B17-92D5-D0D048DDCF3C}"
EndProject
Global
	GlobalSection(SolutionConfigurationPlatforms) = preSolution
		Debug|Any CPU = Debug|Any CPU
		Release|Any CPU = Release|Any CPU
	EndGlobalSection
	GlobalSection(ProjectConfigurationPlatforms) = postSolution
		{88831383-0245-4B32-A027-8026353F2CC1}.Debug|Any CPU.ActiveCfg = Debug|Any CPU
		{88831383-0245-4B32-A027-8026353F2CC1}.Debug|Any CPU.Build.0 = Debug|Any CPU
		{88831383-0245-4B32-A027-8026353F2CC1}.Release|Any CPU.ActiveCfg = Release|Any CPU
		{88831383-0245-4B32-A027-8026353F2CC1}.Release|Any CPU.Build.0 = Release|Any CPU
		{21C6F9F8-E5E1-41AF-8B71-3E2F27C716E1}.Debug|Any CPU.ActiveCfg = Debug|Any CPU
		{21C6F9F8-E5E1-41AF-8B71-3E2F27C716E1}.Debug|Any CPU.Build.0 = Debug|Any CPU
		{21C6F9F8-E5E1-41AF-8B71-3E2F27C716E1}.Release|Any CPU.ActiveCfg = Release|Any CPU
		{21C6F9F8-E5E1-41AF-8B71-3E2F27C716E1}.Release|Any CPU.Build.0 = Release|Any CPU
		{FF339A6B-5DEA-44D2-B86E-A810C2B9011A}.Debug|Any CPU.ActiveCfg = Debug|Any CPU
		{FF339A6B-5DEA-44D2-B86E-A810C2B9011A}.Debug|Any CPU.Build.0 = Debug|Any CPU
		{FF339A6B-5DEA-44D2-B86E-A810C2B9011A}.Release|Any CPU.ActiveCfg = Release|Any CPU
		{FF339A6B-5DEA-44D2-B86E-A810C2B9011A}.Release|Any CPU.Build.0 = Release|Any CPU
		{DD248BE9-B0CE-4B17-92D5-D0D048DDCF3C}.Debug|Any CPU.ActiveCfg = Debug|Any CPU
		{DD248BE9-B0CE-4B17-92D5-D0D048DDCF3C}.Debug|Any CPU.Build.0 = Debug|Any CPU
		{DD248BE9-B0CE-4B17-92D5-D0D048DDCF3C}.Release|Any CPU.ActiveCfg = Release|Any CPU
		{DD248BE9-B0CE-4B17-92D5-D0D048DDCF3C}.Release|Any CPU.Build.0 = Release|Any CPU
	EndGlobalSection
	GlobalSection(SolutionProperties) = preSolution
		HideSolutionNode = FALSE
	EndGlobalSection
	GlobalSection(ExtensibilityGlobals) = postSolution
		SolutionGuid = {77496394-1832-453C-8522-6F598BAEA3D5}
	EndGlobalSection
EndGlobal
